
Microsoft Visual Studio Solution File, Format Version 12.00
# Visual Studio Version 16
VisualStudioVersion = 16.0.30717.126
MinimumVisualStudioVersion = 10.0.40219.1
Project("{888888A0-9F3D-457C-B088-3A5042F75D52}") = "PythonFirebird", "PythonFirebird\PythonFirebird.pyproj", "{E7B5BAF8-077F-49E8-A91B-CE6280AE5649}"
EndProject
Global
	GlobalSection(SolutionConfigurationPlatforms) = preSolution
		Debug|Any CPU = Debug|Any CPU
		Release|Any CPU = Release|Any CPU
	EndGlobalSection
	GlobalSection(ProjectConfigurationPlatforms) = postSolution
		{E7B5BAF8-077F-49E8-A91B-CE6280AE5649}.Debug|Any CPU.ActiveCfg = Debug|Any CPU
		{E7B5BAF8-077F-49E8-A91B-CE6280AE5649}.Release|Any CPU.ActiveCfg = Release|Any CPU
	EndGlobalSection
	GlobalSection(SolutionProperties) = preSolution
		HideSolutionNode = FALSE
	EndGlobalSection
	GlobalSection(ExtensibilityGlobals) = postSolution
		SolutionGuid = {3271A0FC-CFB3-491D-ABD2-B1675D5100C2}
	EndGlobalSection
EndGlobal
